<?xml version="1.0" encoding="utf-8"?>
<Project ToolsVersion="4.0" xmlns="http://schemas.microsoft.com/developer/msbuild/2003">
  <ItemGroup>
    <Filter Include="Source Files">
      <UniqueIdentifier>{4FC737F1-C7A5-4376-A066-2A32D752A2FF}</UniqueIdentifier>
      <Extensions>cpp;c;cc;cxx;c++;cppm;ixx;def;odl;idl;hpj;bat;asm;asmx</Extensions>
    </Filter>
    <Filter Include="Resource Files">
      <UniqueIdentifier>{67DA6AB6-F800-4c08-8B7A-83BB121AAD01}</UniqueIdentifier>
      <Extensions>rc;ico;cur;bmp;dlg;rc2;rct;bin;rgs;gif;jpg;jpeg;jpe;resx;tiff;tif;png;wav;mfcribbon-ms</Extensions>
    </Filter>
    <Filter Include="Source Files\00. MainGame">
      <UniqueIdentifier>{01692c3a-2961-4bf6-bffe-c66b4f22ae15}</UniqueIdentifier>
    </Filter>
    <Filter Include="Source Files\99.Headers">
      <UniqueIdentifier>{38468a69-e15c-43db-865f-e08b693716d0}</UniqueIdentifier>
    </Filter>
    <Filter Include="Source Files\01. Manager">
      <UniqueIdentifier>{1e35bc06-8d0b-4569-a803-3e975d16a050}</UniqueIdentifier>
    </Filter>
    <Filter Include="Source Files\99.Headers\Default">
      <UniqueIdentifier>{224d2747-d62f-4b51-9af1-91f13a3eeab9}</UniqueIdentifier>
    </Filter>
    <Filter Include="Source Files\02. Scene">
      <UniqueIdentifier>{9d20ee0e-5eb0-445b-9f51-4d6f6cd2c8f4}</UniqueIdentifier>
    </Filter>
    <Filter Include="Source Files\03. Objects">
      <UniqueIdentifier>{bcf63013-7734-4c7c-8832-25c395564f1d}</UniqueIdentifier>
    </Filter>
    <Filter Include="Source Files\02. Scene\Game">
      <UniqueIdentifier>{da17cbef-3927-4e76-8199-5acd16e5961e}</UniqueIdentifier>
    </Filter>
    <Filter Include="Source Files\03. Objects\Game">
      <UniqueIdentifier>{19a4081f-367b-4676-b775-72ddb2ae8cf5}</UniqueIdentifier>
    </Filter>
    <Filter Include="Source Files\04. Resources">
      <UniqueIdentifier>{ceba26be-2047-421b-afaa-e519d7542763}</UniqueIdentifier>
    </Filter>
    <Filter Include="Source Files\04. Resources\Game">
      <UniqueIdentifier>{b30bdc93-97a7-4551-9add-66961ecd568c}</UniqueIdentifier>
    </Filter>
  </ItemGroup>
  <ItemGroup>
    <ClInclude Include="pokemon-clone.h">
      <Filter>Source Files\00. MainGame</Filter>
    </ClInclude>
    <ClInclude Include="pch.h">
      <Filter>Source Files\99.Headers</Filter>
    </ClInclude>
    <ClInclude Include="Defines.h">
      <Filter>Source Files\99.Headers</Filter>
    </ClInclude>
    <ClInclude Include="Enums.h">
      <Filter>Source Files\99.Headers</Filter>
    </ClInclude>
    <ClInclude Include="Types.h">
      <Filter>Source Files\99.Headers</Filter>
    </ClInclude>
    <ClInclude Include="framework.h">
      <Filter>Source Files\99.Headers\Default</Filter>
    </ClInclude>
    <ClInclude Include="Resource.h">
      <Filter>Source Files\99.Headers\Default</Filter>
    </ClInclude>
    <ClInclude Include="targetver.h">
      <Filter>Source Files\99.Headers\Default</Filter>
    </ClInclude>
    <ClInclude Include="Game.h">
      <Filter>Source Files\00. MainGame</Filter>
    </ClInclude>
    <ClInclude Include="InputManager.h">
      <Filter>Source Files\01. Manager</Filter>
    </ClInclude>
    <ClInclude Include="TimeManager.h">
      <Filter>Source Files\01. Manager</Filter>
    </ClInclude>
    <ClInclude Include="Utils.h">
      <Filter>Source Files\99.Headers</Filter>
    </ClInclude>
    <ClInclude Include="Scene.h">
      <Filter>Source Files\02. Scene</Filter>
    </ClInclude>
    <ClInclude Include="SceneManager.h">
      <Filter>Source Files\01. Manager</Filter>
    </ClInclude>
    <ClInclude Include="DevScene.h">
      <Filter>Source Files\02. Scene\Game</Filter>
    </ClInclude>
    <ClInclude Include="GameScene.h">
      <Filter>Source Files\02. Scene\Game</Filter>
    </ClInclude>
    <ClInclude Include="Object.h">
      <Filter>Source Files\03. Objects</Filter>
    </ClInclude>
    <ClInclude Include="Player.h">
      <Filter>Source Files\03. Objects\Game</Filter>
    </ClInclude>
    <ClInclude Include="Missile.h">
      <Filter>Source Files\03. Objects\Game</Filter>
    </ClInclude>
    <ClInclude Include="Monster.h">
      <Filter>Source Files\03. Objects\Game</Filter>
    </ClInclude>
    <ClInclude Include="ObjectManager.h">
      <Filter>Source Files\01. Manager</Filter>
    </ClInclude>
    <ClInclude Include="EditScene.h">
      <Filter>Source Files\02. Scene\Game</Filter>
    </ClInclude>
    <ClInclude Include="ResourceBase.h">
      <Filter>Source Files\04. Resources</Filter>
    </ClInclude>
    <ClInclude Include="LineMesh.h">
      <Filter>Source Files\04. Resources\Game</Filter>
    </ClInclude>
    <ClInclude Include="ResourceManager.h">
      <Filter>Source Files\01. Manager</Filter>
    </ClInclude>
  </ItemGroup>
  <ItemGroup>
    <ResourceCompile Include="pokemon-clone.rc">
      <Filter>Resource Files</Filter>
    </ResourceCompile>
  </ItemGroup>
  <ItemGroup>
    <Image Include="small.ico">
      <Filter>Resource Files</Filter>
    </Image>
    <Image Include="pokemon-clone.ico">
      <Filter>Resource Files</Filter>
    </Image>
  </ItemGroup>
  <ItemGroup>
    <ClCompile Include="pokemon-clone.cpp">
      <Filter>Source Files\00. MainGame</Filter>
    </ClCompile>
    <ClCompile Include="pch.cpp">
      <Filter>Source Files\99.Headers</Filter>
    </ClCompile>
    <ClCompile Include="Game.cpp">
      <Filter>Source Files\00. MainGame</Filter>
    </ClCompile>
    <ClCompile Include="InputManager.cpp">
      <Filter>Source Files\01. Manager</Filter>
    </ClCompile>
    <ClCompile Include="TimeManager.cpp">
      <Filter>Source Files\01. Manager</Filter>
    </ClCompile>
    <ClCompile Include="Utils.cpp">
      <Filter>Source Files\99.Headers</Filter>
    </ClCompile>
    <ClCompile Include="Scene.cpp">
      <Filter>Source Files\02. Scene</Filter>
    </ClCompile>
    <ClCompile Include="SceneManager.cpp">
      <Filter>Source Files\01. Manager</Filter>
    </ClCompile>
    <ClCompile Include="DevScene.cpp">
      <Filter>Source Files\02. Scene\Game</Filter>
    </ClCompile>
    <ClCompile Include="GameScene.cpp">
      <Filter>Source Files\02. Scene\Game</Filter>
    </ClCompile>
    <ClCompile Include="Object.cpp">
      <Filter>Source Files\03. Objects</Filter>
    </ClCompile>
    <ClCompile Include="Missile.cpp">
      <Filter>Source Files\03. Objects\Game</Filter>
    </ClCompile>
    <ClCompile Include="Monster.cpp">
      <Filter>Source Files\03. Objects\Game</Filter>
    </ClCompile>
    <ClCompile Include="Player.cpp">
      <Filter>Source Files\03. Objects\Game</Filter>
    </ClCompile>
    <ClCompile Include="ObjectManager.cpp">
      <Filter>Source Files\01. Manager</Filter>
    </ClCompile>
    <ClCompile Include="EditScene.cpp">
      <Filter>Source Files\02. Scene\Game</Filter>
    </ClCompile>
    <ClCompile Include="ResourceBase.cpp">
      <Filter>Source Files\04. Resources</Filter>
    </ClCompile>
    <ClCompile Include="LineMesh.cpp">
      <Filter>Source Files\04. Resources\Game</Filter>
    </ClCompile>
    <ClCompile Include="ResourceManager.cpp">
      <Filter>Source Files\01. Manager</Filter>
    </ClCompile>
  </ItemGroup>
</Project>