<?xml version="1.0" encoding="utf-8"?>
<Project ToolsVersion="4.0" xmlns="http://schemas.microsoft.com/developer/msbuild/2003">
  <ItemGroup>
    <Filter Include="Source Files">
      <UniqueIdentifier>{4FC737F1-C7A5-4376-A066-2A32D752A2FF}</UniqueIdentifier>
      <Extensions>cpp;c;cc;cxx;c++;cppm;ixx;def;odl;idl;hpj;bat;asm;asmx</Extensions>
    </Filter>
    <Filter Include="Header Files">
      <UniqueIdentifier>{93995380-89BD-4b04-88EB-625FBE52EBFB}</UniqueIdentifier>
      <Extensions>h;hh;hpp;hxx;h++;hm;inl;inc;ipp;xsd</Extensions>
    </Filter>
    <Filter Include="Resource Files">
      <UniqueIdentifier>{67DA6AB6-F800-4c08-8B7A-83BB121AAD01}</UniqueIdentifier>
      <Extensions>rc;ico;cur;bmp;dlg;rc2;rct;bin;rgs;gif;jpg;jpeg;jpe;resx;tiff;tif;png;wav;mfcribbon-ms</Extensions>
    </Filter>
    <Filter Include="Source Files\Main">
      <UniqueIdentifier>{0622274b-97f1-4cc8-a48a-76377e80693f}</UniqueIdentifier>
    </Filter>
    <Filter Include="Source Files\Protocol">
      <UniqueIdentifier>{7b239d9c-b6a8-4b05-b0d7-ffdb7f3ae022}</UniqueIdentifier>
    </Filter>
    <Filter Include="Source Files\Chat">
      <UniqueIdentifier>{51730c6c-da60-4fed-a1d5-3fa37ede87a0}</UniqueIdentifier>
    </Filter>
  </ItemGroup>
  <ItemGroup>
    <ClCompile Include="ChatServer.cpp">
      <Filter>Source Files\Main</Filter>
    </ClCompile>
    <ClCompile Include="pch.cpp">
      <Filter>Source Files\Main</Filter>
    </ClCompile>
    <ClCompile Include="ChatSessionManager.cpp">
      <Filter>Source Files\Chat</Filter>
    </ClCompile>
    <ClCompile Include="ChatSession.cpp">
      <Filter>Source Files\Chat</Filter>
    </ClCompile>
    <ClCompile Include="ChatPacketHandler.cpp">
      <Filter>Source Files\Chat</Filter>
    </ClCompile>
    <ClCompile Include="Enum.pb.cc">
      <Filter>Source Files\Protocol</Filter>
    </ClCompile>
    <ClCompile Include="Protocol.pb.cc">
      <Filter>Source Files\Protocol</Filter>
    </ClCompile>
    <ClCompile Include="Struct.pb.cc">
      <Filter>Source Files\Protocol</Filter>
    </ClCompile>
  </ItemGroup>
  <ItemGroup>
    <ClInclude Include="pch.h">
      <Filter>Source Files\Main</Filter>
    </ClInclude>
    <ClInclude Include="ChatSessionManager.h">
      <Filter>Source Files\Chat</Filter>
    </ClInclude>
    <ClInclude Include="ChatSession.h">
      <Filter>Source Files\Chat</Filter>
    </ClInclude>
    <ClInclude Include="ChatPacketHandler.h">
      <Filter>Source Files\Chat</Filter>
    </ClInclude>
    <ClInclude Include="Enum.pb.h">
      <Filter>Source Files\Protocol</Filter>
    </ClInclude>
    <ClInclude Include="Protocol.pb.h">
      <Filter>Source Files\Protocol</Filter>
    </ClInclude>
    <ClInclude Include="Struct.pb.h">
      <Filter>Source Files\Protocol</Filter>
    </ClInclude>
  </ItemGroup>
</Project>